// !$*UTF8*$!
{
	archiveVersion = 1;
	classes = {
	};
	objectVersion = 50;
	objects = {

/* Begin PBXBuildFile section */
		AE39415421F37C16004BB215 /* AppDelegate.swift in Sources */ = {isa = PBXBuildFile; fileRef = AE39415321F37C16004BB215 /* AppDelegate.swift */; };
		AE39415621F37C16004BB215 /* art.scnassets in Resources */ = {isa = PBXBuildFile; fileRef = AE39415521F37C16004BB215 /* art.scnassets */; };
		AE39415821F37C16004BB215 /* ViewController.swift in Sources */ = {isa = PBXBuildFile; fileRef = AE39415721F37C16004BB215 /* ViewController.swift */; };
		AE39415B21F37C16004BB215 /* Main.storyboard in Resources */ = {isa = PBXBuildFile; fileRef = AE39415921F37C16004BB215 /* Main.storyboard */; };
		AE39415D21F37C17004BB215 /* Assets.xcassets in Resources */ = {isa = PBXBuildFile; fileRef = AE39415C21F37C17004BB215 /* Assets.xcassets */; };
		AE39416021F37C17004BB215 /* LaunchScreen.storyboard in Resources */ = {isa = PBXBuildFile; fileRef = AE39415E21F37C17004BB215 /* LaunchScreen.storyboard */; };
		AE55D7A721F3B307004020EF /* TahomaRegular.ttf in Resources */ = {isa = PBXBuildFile; fileRef = AE55D7A621F3B307004020EF /* TahomaRegular.ttf */; };
		AE55D7A921F3B653004020EF /* TAHOMAB0.TTF in Resources */ = {isa = PBXBuildFile; fileRef = AE55D7A821F3B652004020EF /* TAHOMAB0.TTF */; };
		AE55D7AB21F3B6AC004020EF /* HomeViewController.swift in Sources */ = {isa = PBXBuildFile; fileRef = AE55D7AA21F3B6AC004020EF /* HomeViewController.swift */; };
/* End PBXBuildFile section */

/* Begin PBXFileReference section */
		AE39415021F37C16004BB215 /* XRT.app */ = {isa = PBXFileReference; explicitFileType = wrapper.application; includeInIndex = 0; path = XRT.app; sourceTree = BUILT_PRODUCTS_DIR; };
		AE39415321F37C16004BB215 /* AppDelegate.swift */ = {isa = PBXFileReference; lastKnownFileType = sourcecode.swift; path = AppDelegate.swift; sourceTree = "<group>"; };
		AE39415521F37C16004BB215 /* art.scnassets */ = {isa = PBXFileReference; lastKnownFileType = wrapper.scnassets; path = art.scnassets; sourceTree = "<group>"; };
		AE39415721F37C16004BB215 /* ViewController.swift */ = {isa = PBXFileReference; lastKnownFileType = sourcecode.swift; path = ViewController.swift; sourceTree = "<group>"; };
		AE39415A21F37C16004BB215 /* Base */ = {isa = PBXFileReference; lastKnownFileType = file.storyboard; name = Base; path = Base.lproj/Main.storyboard; sourceTree = "<group>"; };
		AE39415C21F37C17004BB215 /* Assets.xcassets */ = {isa = PBXFileReference; lastKnownFileType = folder.assetcatalog; path = Assets.xcassets; sourceTree = "<group>"; };
		AE39415F21F37C17004BB215 /* Base */ = {isa = PBXFileReference; lastKnownFileType = file.storyboard; name = Base; path = Base.lproj/LaunchScreen.storyboard; sourceTree = "<group>"; };
		AE39416121F37C17004BB215 /* Info.plist */ = {isa = PBXFileReference; lastKnownFileType = text.plist.xml; path = Info.plist; sourceTree = "<group>"; };
		AE55D7A621F3B307004020EF /* TahomaRegular.ttf */ = {isa = PBXFileReference; lastKnownFileType = file; path = TahomaRegular.ttf; sourceTree = "<group>"; };
		AE55D7A821F3B652004020EF /* TAHOMAB0.TTF */ = {isa = PBXFileReference; lastKnownFileType = file; path = TAHOMAB0.TTF; sourceTree = "<group>"; };
		AE55D7AA21F3B6AC004020EF /* HomeViewController.swift */ = {isa = PBXFileReference; lastKnownFileType = sourcecode.swift; path = HomeViewController.swift; sourceTree = "<group>"; };
/* End PBXFileReference section */

/* Begin PBXFrameworksBuildPhase section */
		AE39414D21F37C16004BB215 /* Frameworks */ = {
			isa = PBXFrameworksBuildPhase;
			buildActionMask = 2147483647;
			files = (
			);
			runOnlyForDeploymentPostprocessing = 0;
		};
/* End PBXFrameworksBuildPhase section */

/* Begin PBXGroup section */
		AE39414721F37C16004BB215 = {
			isa = PBXGroup;
			children = (
				AE39415221F37C16004BB215 /* XRT */,
				AE39415121F37C16004BB215 /* Products */,
			);
			sourceTree = "<group>";
		};
		AE39415121F37C16004BB215 /* Products */ = {
			isa = PBXGroup;
			children = (
				AE39415021F37C16004BB215 /* XRT.app */,
			);
			name = Products;
			sourceTree = "<group>";
		};
		AE39415221F37C16004BB215 /* XRT */ = {
			isa = PBXGroup;
			children = (
				AE39415321F37C16004BB215 /* AppDelegate.swift */,
				AE39415521F37C16004BB215 /* art.scnassets */,
				AE39415721F37C16004BB215 /* ViewController.swift */,
				AE39415921F37C16004BB215 /* Main.storyboard */,
				AE39415C21F37C17004BB215 /* Assets.xcassets */,
				AE55D7A621F3B307004020EF /* TahomaRegular.ttf */,
				AE55D7A821F3B652004020EF /* TAHOMAB0.TTF */,
				AE39415E21F37C17004BB215 /* LaunchScreen.storyboard */,
				AE39416121F37C17004BB215 /* Info.plist */,
				AE55D7AA21F3B6AC004020EF /* HomeViewController.swift */,
			);
			path = XRT;
			sourceTree = "<group>";
		};
/* End PBXGroup section */

/* Begin PBXNativeTarget section */
		AE39414F21F37C16004BB215 /* XRT */ = {
			isa = PBXNativeTarget;
			buildConfigurationList = AE39416421F37C17004BB215 /* Build configuration list for PBXNativeTarget "XRT" */;
			buildPhases = (
				AE39414C21F37C16004BB215 /* Sources */,
				AE39414D21F37C16004BB215 /* Frameworks */,
				AE39414E21F37C16004BB215 /* Resources */,
			);
			buildRules = (
			);
			dependencies = (
			);
			name = XRT;
			productName = XRT;
			productReference = AE39415021F37C16004BB215 /* XRT.app */;
			productType = "com.apple.product-type.application";
		};
/* End PBXNativeTarget section */

/* Begin PBXProject section */
		AE39414821F37C16004BB215 /* Project object */ = {
			isa = PBXProject;
			attributes = {
				LastSwiftUpdateCheck = 1010;
				LastUpgradeCheck = 1010;
				ORGANIZATIONNAME = "Travis Ho";
				TargetAttributes = {
					AE39414F21F37C16004BB215 = {
						CreatedOnToolsVersion = 10.1;
					};
				};
			};
			buildConfigurationList = AE39414B21F37C16004BB215 /* Build configuration list for PBXProject "XRT" */;
			compatibilityVersion = "Xcode 9.3";
			developmentRegion = en;
			hasScannedForEncodings = 0;
			knownRegions = (
				en,
				Base,
			);
			mainGroup = AE39414721F37C16004BB215;
			productRefGroup = AE39415121F37C16004BB215 /* Products */;
			projectDirPath = "";
			projectRoot = "";
			targets = (
				AE39414F21F37C16004BB215 /* XRT */,
			);
		};
/* End PBXProject section */

/* Begin PBXResourcesBuildPhase section */
		AE39414E21F37C16004BB215 /* Resources */ = {
			isa = PBXResourcesBuildPhase;
			buildActionMask = 2147483647;
			files = (
				AE55D7A921F3B653004020EF /* TAHOMAB0.TTF in Resources */,
				AE39415621F37C16004BB215 /* art.scnassets in Resources */,
				AE39416021F37C17004BB215 /* LaunchScreen.storyboard in Resources */,
				AE55D7A721F3B307004020EF /* TahomaRegular.ttf in Resources */,
				AE39415D21F37C17004BB215 /* Assets.xcassets in Resources */,
				AE39415B21F37C16004BB215 /* Main.storyboard in Resources */,
			);
			runOnlyForDeploymentPostprocessing = 0;
		};
/* End PBXResourcesBuildPhase section */

/* Begin PBXSourcesBuildPhase section */
		AE39414C21F37C16004BB215 /* Sources */ = {
			isa = PBXSourcesBuildPhase;
			buildActionMask = 2147483647;
			files = (
				AE39415821F37C16004BB215 /* ViewController.swift in Sources */,
				AE39415421F37C16004BB215 /* AppDelegate.swift in Sources */,
				AE55D7AB21F3B6AC004020EF /* HomeViewController.swift in Sources */,
			);
			runOnlyForDeploymentPostprocessing = 0;
		};
/* End PBXSourcesBuildPhase section */

/* Begin PBXVariantGroup section */
		AE39415921F37C16004BB215 /* Main.storyboard */ = {
			isa = PBXVariantGroup;
			children = (
				AE39415A21F37C16004BB215 /* Base */,
			);
			name = Main.storyboard;
			sourceTree = "<group>";
		};
		AE39415E21F37C17004BB215 /* LaunchScreen.storyboard */ = {
			isa = PBXVariantGroup;
			children = (
				AE39415F21F37C17004BB215 /* Base */,
			);
			name = LaunchScreen.storyboard;
			sourceTree = "<group>";
		};
/* End PBXVariantGroup section */

/* Begin XCBuildConfiguration section */
		AE39416221F37C17004BB215 /* Debug */ = {
			isa = XCBuildConfiguration;
			buildSettings = {
				ALWAYS_SEARCH_USER_PATHS = NO;
				CLANG_ANALYZER_NONNULL = YES;
				CLANG_ANALYZER_NUMBER_OBJECT_CONVERSION = YES_AGGRESSIVE;
				CLANG_CXX_LANGUAGE_STANDARD = "gnu++14";
				CLANG_CXX_LIBRARY = "libc++";
				CLANG_ENABLE_MODULES = YES;
				CLANG_ENABLE_OBJC_ARC = YES;
				CLANG_ENABLE_OBJC_WEAK = YES;
				CLANG_WARN_BLOCK_CAPTURE_AUTORELEASING = YES;
				CLANG_WARN_BOOL_CONVERSION = YES;
				CLANG_WARN_COMMA = YES;
				CLANG_WARN_CONSTANT_CONVERSION = YES;
				CLANG_WARN_DEPRECATED_OBJC_IMPLEMENTATIONS = YES;
				CLANG_WARN_DIRECT_OBJC_ISA_USAGE = YES_ERROR;
				CLANG_WARN_DOCUMENTATION_COMMENTS = YES;
				CLANG_WARN_EMPTY_BODY = YES;
				CLANG_WARN_ENUM_CONVERSION = YES;
				CLANG_WARN_INFINITE_RECURSION = YES;
				CLANG_WARN_INT_CONVERSION = YES;
				CLANG_WARN_NON_LITERAL_NULL_CONVERSION = YES;
				CLANG_WARN_OBJC_IMPLICIT_RETAIN_SELF = YES;
				CLANG_WARN_OBJC_LITERAL_CONVERSION = YES;
				CLANG_WARN_OBJC_ROOT_CLASS = YES_ERROR;
				CLANG_WARN_RANGE_LOOP_ANALYSIS = YES;
				CLANG_WARN_STRICT_PROTOTYPES = YES;
				CLANG_WARN_SUSPICIOUS_MOVE = YES;
				CLANG_WARN_UNGUARDED_AVAILABILITY = YES_AGGRESSIVE;
				CLANG_WARN_UNREACHABLE_CODE = YES;
				CLANG_WARN__DUPLICATE_METHOD_MATCH = YES;
				CODE_SIGN_IDENTITY = "iPhone Developer";
				COPY_PHASE_STRIP = NO;
				DEBUG_INFORMATION_FORMAT = dwarf;
				ENABLE_STRICT_OBJC_MSGSEND = YES;
				ENABLE_TESTABILITY = YES;
				GCC_C_LANGUAGE_STANDARD = gnu11;
				GCC_DYNAMIC_NO_PIC = NO;
				GCC_NO_COMMON_BLOCKS = YES;
				GCC_OPTIMIZATION_LEVEL = 0;
				GCC_PREPROCESSOR_DEFINITIONS = (
					"DEBUG=1",
					"$(inherited)",
				);
				GCC_WARN_64_TO_32_BIT_CONVERSION = YES;
				GCC_WARN_ABOUT_RETURN_TYPE = YES_ERROR;
				GCC_WARN_UNDECLARED_SELECTOR = YES;
				GCC_WARN_UNINITIALIZED_AUTOS = YES_AGGRESSIVE;
				GCC_WARN_UNUSED_FUNCTION = YES;
				GCC_WARN_UNUSED_VARIABLE = YES;
				IPHONEOS_DEPLOYMENT_TARGET = 12.1;
				MTL_ENABLE_DEBUG_INFO = INCLUDE_SOURCE;
				MTL_FAST_MATH = YES;
				ONLY_ACTIVE_ARCH = YES;
				SDKROOT = iphoneos;
				SWIFT_ACTIVE_COMPILATION_CONDITIONS = DEBUG;
				SWIFT_OPTIMIZATION_LEVEL = "-Onone";
			};
			name = Debug;
		};
		AE39416321F37C17004BB215 /* Release */ = {
			isa = XCBuildConfiguration;
			buildSettings = {
				ALWAYS_SEARCH_USER_PATHS = NO;
				CLANG_ANALYZER_NONNULL = YES;
				CLANG_ANALYZER_NUMBER_OBJECT_CONVERSION = YES_AGGRESSIVE;
				CLANG_CXX_LANGUAGE_STANDARD = "gnu++14";
				CLANG_CXX_LIBRARY = "libc++";
				CLANG_ENABLE_MODULES = YES;
				CLANG_ENABLE_OBJC_ARC = YES;
				CLANG_ENABLE_OBJC_WEAK = YES;
				CLANG_WARN_BLOCK_CAPTURE_AUTORELEASING = YES;
				CLANG_WARN_BOOL_CONVERSION = YES;
				CLANG_WARN_COMMA = YES;
				CLANG_WARN_CONSTANT_CONVERSION = YES;
				CLANG_WARN_DEPRECATED_OBJC_IMPLEMENTATIONS = YES;
				CLANG_WARN_DIRECT_OBJC_ISA_USAGE = YES_ERROR;
				CLANG_WARN_DOCUMENTATION_COMMENTS = YES;
				CLANG_WARN_EMPTY_BODY = YES;
				CLANG_WARN_ENUM_CONVERSION = YES;
				CLANG_WARN_INFINITE_RECURSION = YES;
				CLANG_WARN_INT_CONVERSION = YES;
				CLANG_WARN_NON_LITERAL_NULL_CONVERSION = YES;
				CLANG_WARN_OBJC_IMPLICIT_RETAIN_SELF = YES;
				CLANG_WARN_OBJC_LITERAL_CONVERSION = YES;
				CLANG_WARN_OBJC_ROOT_CLASS = YES_ERROR;
				CLANG_WARN_RANGE_LOOP_ANALYSIS = YES;
				CLANG_WARN_STRICT_PROTOTYPES = YES;
				CLANG_WARN_SUSPICIOUS_MOVE = YES;
				CLANG_WARN_UNGUARDED_AVAILABILITY = YES_AGGRESSIVE;
				CLANG_WARN_UNREACHABLE_CODE = YES;
				CLANG_WARN__DUPLICATE_METHOD_MATCH = YES;
				CODE_SIGN_IDENTITY = "iPhone Developer";
				COPY_PHASE_STRIP = NO;
				DEBUG_INFORMATION_FORMAT = "dwarf-with-dsym";
				ENABLE_NS_ASSERTIONS = NO;
				ENABLE_STRICT_OBJC_MSGSEND = YES;
				GCC_C_LANGUAGE_STANDARD = gnu11;
				GCC_NO_COMMON_BLOCKS = YES;
				GCC_WARN_64_TO_32_BIT_CONVERSION = YES;
				GCC_WARN_ABOUT_RETURN_TYPE = YES_ERROR;
				GCC_WARN_UNDECLARED_SELECTOR = YES;
				GCC_WARN_UNINITIALIZED_AUTOS = YES_AGGRESSIVE;
				GCC_WARN_UNUSED_FUNCTION = YES;
				GCC_WARN_UNUSED_VARIABLE = YES;
				IPHONEOS_DEPLOYMENT_TARGET = 12.1;
				MTL_ENABLE_DEBUG_INFO = NO;
				MTL_FAST_MATH = YES;
				SDKROOT = iphoneos;
				SWIFT_COMPILATION_MODE = wholemodule;
				SWIFT_OPTIMIZATION_LEVEL = "-O";
				VALIDATE_PRODUCT = YES;
			};
			name = Release;
		};
		AE39416521F37C17004BB215 /* Debug */ = {
			isa = XCBuildConfiguration;
			buildSettings = {
				ASSETCATALOG_COMPILER_APPICON_NAME = AppIcon;
				CODE_SIGN_STYLE = Automatic;
				DEVELOPMENT_TEAM = M5NFC9XF72;
				INFOPLIST_FILE = XRT/Info.plist;
				LD_RUNPATH_SEARCH_PATHS = (
					"$(inherited)",
					"@executable_path/Frameworks",
				);
				PRODUCT_BUNDLE_IDENTIFIER = com.travisho.XRT;
				PRODUCT_NAME = "$(TARGET_NAME)";
				SWIFT_VERSION = 4.2;
				TARGETED_DEVICE_FAMILY = "1,2";
			};
			name = Debug;
		};
		AE39416621F37C17004BB215 /* Release */ = {
			isa = XCBuildConfiguration;
			buildSettings = {
				ASSETCATALOG_COMPILER_APPICON_NAME = AppIcon;
				CODE_SIGN_STYLE = Automatic;
				DEVELOPMENT_TEAM = M5NFC9XF72;
				INFOPLIST_FILE = XRT/Info.plist;
				LD_RUNPATH_SEARCH_PATHS = (
					"$(inherited)",
					"@executable_path/Frameworks",
				);
				PRODUCT_BUNDLE_IDENTIFIER = com.travisho.XRT;
				PRODUCT_NAME = "$(TARGET_NAME)";
				SWIFT_VERSION = 4.2;
				TARGETED_DEVICE_FAMILY = "1,2";
			};
			name = Release;
		};
/* End XCBuildConfiguration section */

/* Begin XCConfigurationList section */
		AE39414B21F37C16004BB215 /* Build configuration list for PBXProject "XRT" */ = {
			isa = XCConfigurationList;
			buildConfigurations = (
				AE39416221F37C17004BB215 /* Debug */,
				AE39416321F37C17004BB215 /* Release */,
			);
			defaultConfigurationIsVisible = 0;
			defaultConfigurationName = Release;
		};
		AE39416421F37C17004BB215 /* Build configuration list for PBXNativeTarget "XRT" */ = {
			isa = XCConfigurationList;
			buildConfigurations = (
				AE39416521F37C17004BB215 /* Debug */,
				AE39416621F37C17004BB215 /* Release */,
			);
			defaultConfigurationIsVisible = 0;
			defaultConfigurationName = Release;
		};
/* End XCConfigurationList section */
	};
	rootObject = AE39414821F37C16004BB215 /* Project object */;
}
